<?xml version="1.0" encoding="utf-8"?>
<Project ToolsVersion="4.0" xmlns="http://schemas.microsoft.com/developer/msbuild/2003">
  <ItemGroup>
    <Filter Include="Source Files">
      <UniqueIdentifier>{4FC737F1-C7A5-4376-A066-2A32D752A2FF}</UniqueIdentifier>
      <Extensions>cpp;c;cc;cxx;c++;cppm;ixx;def;odl;idl;hpj;bat;asm;asmx</Extensions>
    </Filter>
    <Filter Include="Header Files">
      <UniqueIdentifier>{93995380-89BD-4b04-88EB-625FBE52EBFB}</UniqueIdentifier>
      <Extensions>h;hh;hpp;hxx;h++;hm;inl;inc;ipp;xsd</Extensions>
    </Filter>
    <Filter Include="Resource Files">
      <UniqueIdentifier>{67DA6AB6-F800-4c08-8B7A-83BB121AAD01}</UniqueIdentifier>
      <Extensions>rc;ico;cur;bmp;dlg;rc2;rct;bin;rgs;gif;jpg;jpeg;jpe;resx;tiff;tif;png;wav;mfcribbon-ms</Extensions>
    </Filter>
  </ItemGroup>
  <ItemGroup>
    <ClCompile Include="main.cpp">
      <Filter>Source Files</Filter>
    </ClCompile>
    <ClCompile Include="Stage.cpp">
      <Filter>Source Files</Filter>
    </ClCompile>
    <ClCompile Include="Race.cpp">
      <Filter>Source Files</Filter>
    </ClCompile>
    <ClCompile Include="RallyData.cpp">
      <Filter>Source Files</Filter>
    </ClCompile>
    <ClCompile Include="StageSplitData.cpp">
      <Filter>Source Files</Filter>
    </ClCompile>
    <ClCompile Include="RallyTiming.cpp">
      <Filter>Source Files</Filter>
    </ClCompile>
    <ClCompile Include="StageTiming.cpp">
      <Filter>Source Files</Filter>
    </ClCompile>
    <ClCompile Include="TimingUtils.cpp">
      <Filter>Source Files</Filter>
    </ClCompile>
    <ClCompile Include="AIHelper.cpp">
      <Filter>Source Files</Filter>
    </ClCompile>
    <ClCompile Include="FileBuffer.cpp">
      <Filter>Source Files</Filter>
    </ClCompile>
    <ClCompile Include="Frontend.cpp">
      <Filter>Source Files</Filter>
    </ClCompile>
    <ClCompile Include="FrontendDraw.cpp">
      <Filter>Source Files</Filter>
    </ClCompile>
    <ClCompile Include="FrontendMenus.cpp">
      <Filter>Source Files</Filter>
    </ClCompile>
    <ClCompile Include="NetPlayers.cpp">
      <Filter>Source Files</Filter>
    </ClCompile>
    <ClCompile Include="FrontendScreens.cpp">
      <Filter>Source Files</Filter>
    </ClCompile>
    <ClCompile Include="FrontendStubs.cpp">
      <Filter>Source Files</Filter>
    </ClCompile>
    <ClCompile Include="Game.cpp">
      <Filter>Source Files</Filter>
    </ClCompile>
    <ClCompile Include="GameInfo.cpp">
      <Filter>Source Files</Filter>
    </ClCompile>
    <ClCompile Include="GenericFileLoader.cpp">
      <Filter>Source Files</Filter>
    </ClCompile>
    <ClCompile Include="Graphics.cpp">
      <Filter>Source Files</Filter>
    </ClCompile>
    <ClCompile Include="InstallInfo.cpp">
      <Filter>Source Files</Filter>
    </ClCompile>
    <ClCompile Include="Logger.cpp">
      <Filter>Source Files</Filter>
    </ClCompile>
    <ClCompile Include="StageUI.cpp">
      <Filter>Source Files</Filter>
    </ClCompile>
    <ClCompile Include="RegKey.cpp">
      <Filter>Source Files</Filter>
    </ClCompile>
  </ItemGroup>
  <ItemGroup>
    <ClInclude Include="Stage.h">
      <Filter>Header Files</Filter>
    </ClInclude>
    <ClInclude Include="RallyData.h">
      <Filter>Header Files</Filter>
    </ClInclude>
    <ClInclude Include="StageSplitData.h">
      <Filter>Header Files</Filter>
    </ClInclude>
    <ClInclude Include="RallyTiming.h">
      <Filter>Header Files</Filter>
    </ClInclude>
    <ClInclude Include="StageTiming.h">
      <Filter>Header Files</Filter>
    </ClInclude>
    <ClInclude Include="TimingUtils.h">
      <Filter>Header Files</Filter>
    </ClInclude>
    <ClInclude Include="AIHelper.h">
      <Filter>Header Files</Filter>
    </ClInclude>
    <ClInclude Include="BFL.h">
      <Filter>Header Files</Filter>
    </ClInclude>
    <ClInclude Include="FileBuffer.h">
      <Filter>Header Files</Filter>
    </ClInclude>
    <ClInclude Include="Frontend.h">
      <Filter>Header Files</Filter>
    </ClInclude>
    <ClInclude Include="FrontendDraw.h">
      <Filter>Header Files</Filter>
    </ClInclude>
    <ClInclude Include="FrontendMenus.h">
      <Filter>Header Files</Filter>
    </ClInclude>
    <ClInclude Include="NetPlayers.h">
      <Filter>Header Files</Filter>
    </ClInclude>
    <ClInclude Include="Game.h">
      <Filter>Header Files</Filter>
    </ClInclude>
    <ClInclude Include="GameInfo.h">
      <Filter>Header Files</Filter>
    </ClInclude>
    <ClInclude Include="GenericFileLoader.h">
      <Filter>Header Files</Filter>
    </ClInclude>
    <ClInclude Include="Graphics.h">
      <Filter>Header Files</Filter>
    </ClInclude>
    <ClInclude Include="InstallInfo.h">
      <Filter>Header Files</Filter>
    </ClInclude>
    <ClInclude Include="Logger.h">
      <Filter>Header Files</Filter>
    </ClInclude>
    <ClInclude Include="main.h">
      <Filter>Header Files</Filter>
    </ClInclude>
    <ClInclude Include="StageUI.h">
      <Filter>Header Files</Filter>
    </ClInclude>
    <ClInclude Include="RegKey.h">
      <Filter>Header Files</Filter>
    </ClInclude>
  </ItemGroup>
</Project>